
Microsoft Visual Studio Solution File, Format Version 12.00
# Visual Studio Version 17
VisualStudioVersion = 17.3.32922.545
MinimumVisualStudioVersion = 10.0.40219.1
Project("{FAE04EC0-301F-11D3-BF4B-00C04F79EFBC}") = "aaatest563ldfapp", "aaatest563ldfapp.csproj", "{30995977-FED4-4B66-B030-A829DBD1566D}"
EndProject
Global
	GlobalSection(SolutionConfigurationPlatforms) = preSolution
		Debug|Any CPU = Debug|Any CPU
		Release|Any CPU = Release|Any CPU
	EndGlobalSection
	GlobalSection(ProjectConfigurationPlatforms) = postSolution
		{30995977-FED4-4B66-B030-A829DBD1566D}.Debug|Any CPU.ActiveCfg = Debug|Any CPU
		{30995977-FED4-4B66-B030-A829DBD1566D}.Debug|Any CPU.Build.0 = Debug|Any CPU
		{30995977-FED4-4B66-B030-A829DBD1566D}.Release|Any CPU.ActiveCfg = Release|Any CPU
		{30995977-FED4-4B66-B030-A829DBD1566D}.Release|Any CPU.Build.0 = Release|Any CPU
	EndGlobalSection
	GlobalSection(SolutionProperties) = preSolution
		HideSolutionNode = FALSE
	EndGlobalSection
	GlobalSection(ExtensibilityGlobals) = postSolution
		SolutionGuid = {ECA2074E-F5A1-49B6-9138-B5105D475FBC}
	EndGlobalSection
EndGlobal
